PODS:
  - FMDB (2.5):
    - FMDB/standard (= 2.5)
  - FMDB/common (2.5)
  - FMDB/standard (2.5):
    - FMDB/common
  - Kiwi (2.4.0)
  - TCSBLL (0.2.0):
    - FMDB (~> 2.5)

DEPENDENCIES:
  - Kiwi
  - TCSBLL (from `../`)

EXTERNAL SOURCES:
  TCSBLL:
    :path: "../"

SPEC CHECKSUMS:
  FMDB: 96e8f1bcc1329e269330f99770ad4285d9003e52
  Kiwi: f49c9d54b28917df5928fe44968a39ed198cb8a8
  TCSBLL: 859c15313d4c4dce5942e133e4c88e66793df935

COCOAPODS: 0.39.0
